github.com/go-redis/redis v6.15.6+incompatible h1:H9evprGPLI8+ci7fxQx6WNZHJSb7be8FqJQRhdQZ5Sg=
github.com/go-redis/redis v6.15.6+incompatible/go.mod h1:NAIEuMOZ/fxfXJIrKDQDz8wamY7mA7PouImQ2Jvg6kA=
github.com/gorilla/mux v1.7.3 h1:gnP5JzjVOuiZD07fKKToCAOjS0yOpj/qPETTXCCS6hw=
github.com/gorilla/mux v1.7.3/go.mod h1:1lud6UwP+6orDFRuTfBEV8e9/aOM/c4fVVCaMa2zaAs=
